
Microsoft Visual Studio Solution File, Format Version 12.00
# Visual Studio Version 17
VisualStudioVersion = 17.10.35013.160
MinimumVisualStudioVersion = 10.0.40219.1
Project("{FAE04EC0-301F-11D3-BF4B-00C04F79EFBC}") = "NEA", "NEA\NEA.csproj", "{FBEE37F3-0C86-49C3-8497-2A0A43274FA3}"
EndProject
Global
	GlobalSection(SolutionConfigurationPlatforms) = preSolution
		Debug|Any CPU = Debug|Any CPU
		Release|Any CPU = Release|Any CPU
	EndGlobalSection
	GlobalSection(ProjectConfigurationPlatforms) = postSolution
		{FBEE37F3-0C86-49C3-8497-2A0A43274FA3}.Debug|Any CPU.ActiveCfg = Debug|Any CPU
		{FBEE37F3-0C86-49C3-8497-2A0A43274FA3}.Debug|Any CPU.Build.0 = Debug|Any CPU
		{FBEE37F3-0C86-49C3-8497-2A0A43274FA3}.Release|Any CPU.ActiveCfg = Release|Any CPU
		{FBEE37F3-0C86-49C3-8497-2A0A43274FA3}.Release|Any CPU.Build.0 = Release|Any CPU
	EndGlobalSection
	GlobalSection(SolutionProperties) = preSolution
		HideSolutionNode = FALSE
	EndGlobalSection
	GlobalSection(ExtensibilityGlobals) = postSolution
		SolutionGuid = {ED1C3C79-1172-4AD9-BD6F-8E4E83748E13}
	EndGlobalSection
EndGlobal
